// !$*UTF8*$!
{
	archiveVersion = 1;
	classes = {
	};
	objectVersion = 46;
	objects = {

/* Begin PBXBuildFile section */
		4273FF0A1E948D77004CB27B /* VideoTest-Info.plist in Resources */ = {isa = PBXBuildFile; fileRef = 4273FF081E948D77004CB27B /* VideoTest-Info.plist */; };
		4273FF141E948D8C004CB27B /* CaptureViewController.m in Sources */ = {isa = PBXBuildFile; fileRef = 4273FF0D1E948D8C004CB27B /* CaptureViewController.m */; };
		4273FF151E948D8C004CB27B /* MainViewController.m in Sources */ = {isa = PBXBuildFile; fileRef = 4273FF101E948D8C004CB27B /* MainViewController.m */; };
		4273FF161E948D8C004CB27B /* PlayViewController.m in Sources */ = {isa = PBXBuildFile; fileRef = 4273FF121E948D8C004CB27B /* PlayViewController.m */; };
		42AD2D6A1E8DFA4D00EC3A0B /* main.m in Sources */ = {isa = PBXBuildFile; fileRef = 42AD2D691E8DFA4D00EC3A0B /* main.m */; };
		42AD2D781E8DFA4D00EC3A0B /* LaunchScreen.storyboard in Resources */ = {isa = PBXBuildFile; fileRef = 42AD2D761E8DFA4D00EC3A0B /* LaunchScreen.storyboard */; };
		42AD2DEE1E8DFA9000EC3A0B /* InfoPlist.strings in Resources */ = {isa = PBXBuildFile; fileRef = 42AD2D8D1E8DFA9000EC3A0B /* InfoPlist.strings */; };
		42AD2DEF1E8DFA9000EC3A0B /* Images.xcassets in Resources */ = {isa = PBXBuildFile; fileRef = 42AD2D8F1E8DFA9000EC3A0B /* Images.xcassets */; };
		42AD2DF61E8DFA9000EC3A0B /* MBProgressHUD.m in Sources */ = {isa = PBXBuildFile; fileRef = 42AD2D9A1E8DFA9000EC3A0B /* MBProgressHUD.m */; };
		42AD2DF91E8DFA9000EC3A0B /* g_tabbar_ic_video_down.png in Resources */ = {isa = PBXBuildFile; fileRef = 42AD2DA11E8DFA9000EC3A0B /* g_tabbar_ic_video_down.png */; };
		42AD2DFA1E8DFA9000EC3A0B /* g_tabbar_ic_video_down@2x.png in Resources */ = {isa = PBXBuildFile; fileRef = 42AD2DA21E8DFA9000EC3A0B /* g_tabbar_ic_video_down@2x.png */; };
		42AD2DFB1E8DFA9000EC3A0B /* g_tabbar_ic_video_nor.png in Resources */ = {isa = PBXBuildFile; fileRef = 42AD2DA31E8DFA9000EC3A0B /* g_tabbar_ic_video_nor.png */; };
		42AD2DFC1E8DFA9000EC3A0B /* g_tabbar_ic_video_nor@2x.png in Resources */ = {isa = PBXBuildFile; fileRef = 42AD2DA41E8DFA9000EC3A0B /* g_tabbar_ic_video_nor@2x.png */; };
		42AD2DFD1E8DFA9000EC3A0B /* record_close_disable.png in Resources */ = {isa = PBXBuildFile; fileRef = 42AD2DA51E8DFA9000EC3A0B /* record_close_disable.png */; };
		42AD2DFE1E8DFA9000EC3A0B /* record_close_disable@2x.png in Resources */ = {isa = PBXBuildFile; fileRef = 42AD2DA61E8DFA9000EC3A0B /* record_close_disable@2x.png */; };
		42AD2DFF1E8DFA9000EC3A0B /* record_close_highlighted.png in Resources */ = {isa = PBXBuildFile; fileRef = 42AD2DA71E8DFA9000EC3A0B /* record_close_highlighted.png */; };
		42AD2E001E8DFA9000EC3A0B /* record_close_highlighted@2x.png in Resources */ = {isa = PBXBuildFile; fileRef = 42AD2DA81E8DFA9000EC3A0B /* record_close_highlighted@2x.png */; };
		42AD2E011E8DFA9000EC3A0B /* record_close_normal.png in Resources */ = {isa = PBXBuildFile; fileRef = 42AD2DA91E8DFA9000EC3A0B /* record_close_normal.png */; };
		42AD2E021E8DFA9000EC3A0B /* record_close_normal@2x.png in Resources */ = {isa = PBXBuildFile; fileRef = 42AD2DAA1E8DFA9000EC3A0B /* record_close_normal@2x.png */; };
		42AD2E031E8DFA9000EC3A0B /* record_delete_disable.png in Resources */ = {isa = PBXBuildFile; fileRef = 42AD2DAB1E8DFA9000EC3A0B /* record_delete_disable.png */; };
		42AD2E041E8DFA9000EC3A0B /* record_delete_disable@2x.png in Resources */ = {isa = PBXBuildFile; fileRef = 42AD2DAC1E8DFA9000EC3A0B /* record_delete_disable@2x.png */; };
		42AD2E051E8DFA9000EC3A0B /* record_delete_normal.png in Resources */ = {isa = PBXBuildFile; fileRef = 42AD2DAD1E8DFA9000EC3A0B /* record_delete_normal.png */; };
		42AD2E061E8DFA9000EC3A0B /* record_delete_normal@2x.png in Resources */ = {isa = PBXBuildFile; fileRef = 42AD2DAE1E8DFA9000EC3A0B /* record_delete_normal@2x.png */; };
		42AD2E071E8DFA9000EC3A0B /* record_deletesure_normal.png in Resources */ = {isa = PBXBuildFile; fileRef = 42AD2DAF1E8DFA9000EC3A0B /* record_deletesure_normal.png */; };
		42AD2E081E8DFA9000EC3A0B /* record_deletesure_normal@2x.png in Resources */ = {isa = PBXBuildFile; fileRef = 42AD2DB01E8DFA9000EC3A0B /* record_deletesure_normal@2x.png */; };
		42AD2E091E8DFA9000EC3A0B /* record_flashlight_disable.png in Resources */ = {isa = PBXBuildFile; fileRef = 42AD2DB11E8DFA9000EC3A0B /* record_flashlight_disable.png */; };
		42AD2E0A1E8DFA9000EC3A0B /* record_flashlight_disable@2x.png in Resources */ = {isa = PBXBuildFile; fileRef = 42AD2DB21E8DFA9000EC3A0B /* record_flashlight_disable@2x.png */; };
		42AD2E0B1E8DFA9000EC3A0B /* record_flashlight_highlighted.png in Resources */ = {isa = PBXBuildFile; fileRef = 42AD2DB31E8DFA9000EC3A0B /* record_flashlight_highlighted.png */; };
		42AD2E0C1E8DFA9000EC3A0B /* record_flashlight_highlighted@2x.png in Resources */ = {isa = PBXBuildFile; fileRef = 42AD2DB41E8DFA9000EC3A0B /* record_flashlight_highlighted@2x.png */; };
		42AD2E0D1E8DFA9000EC3A0B /* record_flashlight_normal.png in Resources */ = {isa = PBXBuildFile; fileRef = 42AD2DB51E8DFA9000EC3A0B /* record_flashlight_normal.png */; };
		42AD2E0E1E8DFA9000EC3A0B /* record_flashlight_normal@2x.png in Resources */ = {isa = PBXBuildFile; fileRef = 42AD2DB61E8DFA9000EC3A0B /* record_flashlight_normal@2x.png */; };
		42AD2E0F1E8DFA9000EC3A0B /* record_focus_disable.png in Resources */ = {isa = PBXBuildFile; fileRef = 42AD2DB71E8DFA9000EC3A0B /* record_focus_disable.png */; };
		42AD2E101E8DFA9000EC3A0B /* record_focus_disable@2x.png in Resources */ = {isa = PBXBuildFile; fileRef = 42AD2DB81E8DFA9000EC3A0B /* record_focus_disable@2x.png */; };
		42AD2E111E8DFA9000EC3A0B /* record_focus_highlighted.png in Resources */ = {isa = PBXBuildFile; fileRef = 42AD2DB91E8DFA9000EC3A0B /* record_focus_highlighted.png */; };
		42AD2E121E8DFA9000EC3A0B /* record_focus_highlighted@2x.png in Resources */ = {isa = PBXBuildFile; fileRef = 42AD2DBA1E8DFA9000EC3A0B /* record_focus_highlighted@2x.png */; };
		42AD2E131E8DFA9000EC3A0B /* record_focus_normal.png in Resources */ = {isa = PBXBuildFile; fileRef = 42AD2DBB1E8DFA9000EC3A0B /* record_focus_normal.png */; };
		42AD2E141E8DFA9000EC3A0B /* record_focus_normal@2x.png in Resources */ = {isa = PBXBuildFile; fileRef = 42AD2DBC1E8DFA9000EC3A0B /* record_focus_normal@2x.png */; };
		42AD2E151E8DFA9000EC3A0B /* record_focus_off.png in Resources */ = {isa = PBXBuildFile; fileRef = 42AD2DBD1E8DFA9000EC3A0B /* record_focus_off.png */; };
		42AD2E161E8DFA9000EC3A0B /* record_focus_off@2x.png in Resources */ = {isa = PBXBuildFile; fileRef = 42AD2DBE1E8DFA9000EC3A0B /* record_focus_off@2x.png */; };
		42AD2E171E8DFA9000EC3A0B /* record_icon_hook.png in Resources */ = {isa = PBXBuildFile; fileRef = 42AD2DBF1E8DFA9000EC3A0B /* record_icon_hook.png */; };
		42AD2E181E8DFA9000EC3A0B /* record_icon_hook@2x.png in Resources */ = {isa = PBXBuildFile; fileRef = 42AD2DC01E8DFA9000EC3A0B /* record_icon_hook@2x.png */; };
		42AD2E191E8DFA9000EC3A0B /* record_icon_hook_highlighted_bg.png in Resources */ = {isa = PBXBuildFile; fileRef = 42AD2DC11E8DFA9000EC3A0B /* record_icon_hook_highlighted_bg.png */; };
		42AD2E1A1E8DFA9000EC3A0B /* record_icon_hook_highlighted_bg@2x.png in Resources */ = {isa = PBXBuildFile; fileRef = 42AD2DC21E8DFA9000EC3A0B /* record_icon_hook_highlighted_bg@2x.png */; };
		42AD2E1B1E8DFA9000EC3A0B /* record_icon_hook_normal.png in Resources */ = {isa = PBXBuildFile; fileRef = 42AD2DC31E8DFA9000EC3A0B /* record_icon_hook_normal.png */; };
		42AD2E1C1E8DFA9000EC3A0B /* record_icon_hook_normal@2x.png in Resources */ = {isa = PBXBuildFile; fileRef = 42AD2DC41E8DFA9000EC3A0B /* record_icon_hook_normal@2x.png */; };
		42AD2E1D1E8DFA9000EC3A0B /* record_icon_hook_normal_bg.png in Resources */ = {isa = PBXBuildFile; fileRef = 42AD2DC51E8DFA9000EC3A0B /* record_icon_hook_normal_bg.png */; };
		42AD2E1E1E8DFA9000EC3A0B /* record_icon_hook_normal_bg@2x.png in Resources */ = {isa = PBXBuildFile; fileRef = 42AD2DC61E8DFA9000EC3A0B /* record_icon_hook_normal_bg@2x.png */; };
		42AD2E1F1E8DFA9000EC3A0B /* record_lensflip_disable.png in Resources */ = {isa = PBXBuildFile; fileRef = 42AD2DC71E8DFA9000EC3A0B /* record_lensflip_disable.png */; };
		42AD2E201E8DFA9000EC3A0B /* record_lensflip_disable@2x.png in Resources */ = {isa = PBXBuildFile; fileRef = 42AD2DC81E8DFA9000EC3A0B /* record_lensflip_disable@2x.png */; };
		42AD2E211E8DFA9000EC3A0B /* record_lensflip_highlighted.png in Resources */ = {isa = PBXBuildFile; fileRef = 42AD2DC91E8DFA9000EC3A0B /* record_lensflip_highlighted.png */; };
		42AD2E221E8DFA9000EC3A0B /* record_lensflip_highlighted@2x.png in Resources */ = {isa = PBXBuildFile; fileRef = 42AD2DCA1E8DFA9000EC3A0B /* record_lensflip_highlighted@2x.png */; };
		42AD2E231E8DFA9000EC3A0B /* record_lensflip_normal.png in Resources */ = {isa = PBXBuildFile; fileRef = 42AD2DCB1E8DFA9000EC3A0B /* record_lensflip_normal.png */; };
		42AD2E241E8DFA9000EC3A0B /* record_lensflip_normal@2x.png in Resources */ = {isa = PBXBuildFile; fileRef = 42AD2DCC1E8DFA9000EC3A0B /* record_lensflip_normal@2x.png */; };
		42AD2E251E8DFA9000EC3A0B /* record_progressbar_front.png in Resources */ = {isa = PBXBuildFile; fileRef = 42AD2DCD1E8DFA9000EC3A0B /* record_progressbar_front.png */; };
		42AD2E261E8DFA9000EC3A0B /* record_progressbar_front@2x.png in Resources */ = {isa = PBXBuildFile; fileRef = 42AD2DCE1E8DFA9000EC3A0B /* record_progressbar_front@2x.png */; };
		42AD2E271E8DFA9000EC3A0B /* record_tool_disable.png in Resources */ = {isa = PBXBuildFile; fileRef = 42AD2DCF1E8DFA9000EC3A0B /* record_tool_disable.png */; };
		42AD2E281E8DFA9000EC3A0B /* record_tool_disable@2x.png in Resources */ = {isa = PBXBuildFile; fileRef = 42AD2DD01E8DFA9000EC3A0B /* record_tool_disable@2x.png */; };
		42AD2E291E8DFA9000EC3A0B /* record_tool_highlighted.png in Resources */ = {isa = PBXBuildFile; fileRef = 42AD2DD11E8DFA9000EC3A0B /* record_tool_highlighted.png */; };
		42AD2E2A1E8DFA9000EC3A0B /* record_tool_highlighted@2x.png in Resources */ = {isa = PBXBuildFile; fileRef = 42AD2DD21E8DFA9000EC3A0B /* record_tool_highlighted@2x.png */; };
		42AD2E2B1E8DFA9000EC3A0B /* record_tool_normal.png in Resources */ = {isa = PBXBuildFile; fileRef = 42AD2DD31E8DFA9000EC3A0B /* record_tool_normal.png */; };
		42AD2E2C1E8DFA9000EC3A0B /* record_tool_normal@2x.png in Resources */ = {isa = PBXBuildFile; fileRef = 42AD2DD41E8DFA9000EC3A0B /* record_tool_normal@2x.png */; };
		42AD2E2D1E8DFA9000EC3A0B /* touch_focus_not.png in Resources */ = {isa = PBXBuildFile; fileRef = 42AD2DD51E8DFA9000EC3A0B /* touch_focus_not.png */; };
		42AD2E2E1E8DFA9000EC3A0B /* touch_focus_not@2x.png in Resources */ = {isa = PBXBuildFile; fileRef = 42AD2DD61E8DFA9000EC3A0B /* touch_focus_not@2x.png */; };
		42AD2E2F1E8DFA9000EC3A0B /* vedio_nav_btn_back_nor.png in Resources */ = {isa = PBXBuildFile; fileRef = 42AD2DD71E8DFA9000EC3A0B /* vedio_nav_btn_back_nor.png */; };
		42AD2E301E8DFA9000EC3A0B /* vedio_nav_btn_back_nor@2x.png in Resources */ = {isa = PBXBuildFile; fileRef = 42AD2DD81E8DFA9000EC3A0B /* vedio_nav_btn_back_nor@2x.png */; };
		42AD2E311E8DFA9000EC3A0B /* vedio_nav_btn_back_pre.png in Resources */ = {isa = PBXBuildFile; fileRef = 42AD2DD91E8DFA9000EC3A0B /* vedio_nav_btn_back_pre.png */; };
		42AD2E321E8DFA9000EC3A0B /* vedio_nav_btn_back_pre@2x.png in Resources */ = {isa = PBXBuildFile; fileRef = 42AD2DDA1E8DFA9000EC3A0B /* vedio_nav_btn_back_pre@2x.png */; };
		42AD2E331E8DFA9000EC3A0B /* video_icon.png in Resources */ = {isa = PBXBuildFile; fileRef = 42AD2DDB1E8DFA9000EC3A0B /* video_icon.png */; };
		42AD2E341E8DFA9000EC3A0B /* video_icon@2x.png in Resources */ = {isa = PBXBuildFile; fileRef = 42AD2DDC1E8DFA9000EC3A0B /* video_icon@2x.png */; };
		42AD2E351E8DFA9000EC3A0B /* video_longvideo_btn_pause.png in Resources */ = {isa = PBXBuildFile; fileRef = 42AD2DDD1E8DFA9000EC3A0B /* video_longvideo_btn_pause.png */; };
		42AD2E361E8DFA9000EC3A0B /* video_longvideo_btn_pause@2x.png in Resources */ = {isa = PBXBuildFile; fileRef = 42AD2DDE1E8DFA9000EC3A0B /* video_longvideo_btn_pause@2x.png */; };
		42AD2E371E8DFA9000EC3A0B /* video_longvideo_btn_shoot.png in Resources */ = {isa = PBXBuildFile; fileRef = 42AD2DDF1E8DFA9000EC3A0B /* video_longvideo_btn_shoot.png */; };
		42AD2E381E8DFA9000EC3A0B /* video_longvideo_btn_shoot@2x.png in Resources */ = {isa = PBXBuildFile; fileRef = 42AD2DE01E8DFA9000EC3A0B /* video_longvideo_btn_shoot@2x.png */; };
		42AD2E391E8DFA9000EC3A0B /* SBCaptureToolKit.m in Sources */ = {isa = PBXBuildFile; fileRef = 42AD2DE31E8DFA9000EC3A0B /* SBCaptureToolKit.m */; };
		42AD2E3A1E8DFA9000EC3A0B /* SBVideoRecorder.m in Sources */ = {isa = PBXBuildFile; fileRef = 42AD2DE61E8DFA9000EC3A0B /* SBVideoRecorder.m */; };
		42AD2E3E1E8DFB4900EC3A0B /* AppDelegate.m in Sources */ = {isa = PBXBuildFile; fileRef = 42AD2E3D1E8DFB4900EC3A0B /* AppDelegate.m */; };
/* End PBXBuildFile section */

/* Begin PBXFileReference section */
		4273FF081E948D77004CB27B /* VideoTest-Info.plist */ = {isa = PBXFileReference; fileEncoding = 4; lastKnownFileType = text.plist.xml; path = "VideoTest-Info.plist"; sourceTree = "<group>"; };
		4273FF091E948D77004CB27B /* VideoTest-Prefix.pch */ = {isa = PBXFileReference; fileEncoding = 4; lastKnownFileType = sourcecode.c.h; path = "VideoTest-Prefix.pch"; sourceTree = "<group>"; };
		4273FF0C1E948D8C004CB27B /* CaptureViewController.h */ = {isa = PBXFileReference; fileEncoding = 4; lastKnownFileType = sourcecode.c.h; path = CaptureViewController.h; sourceTree = "<group>"; };
		4273FF0D1E948D8C004CB27B /* CaptureViewController.m */ = {isa = PBXFileReference; fileEncoding = 4; lastKnownFileType = sourcecode.c.objc; path = CaptureViewController.m; sourceTree = "<group>"; };
		4273FF0F1E948D8C004CB27B /* MainViewController.h */ = {isa = PBXFileReference; fileEncoding = 4; lastKnownFileType = sourcecode.c.h; path = MainViewController.h; sourceTree = "<group>"; };
		4273FF101E948D8C004CB27B /* MainViewController.m */ = {isa = PBXFileReference; fileEncoding = 4; lastKnownFileType = sourcecode.c.objc; path = MainViewController.m; sourceTree = "<group>"; };
		4273FF111E948D8C004CB27B /* PlayViewController.h */ = {isa = PBXFileReference; fileEncoding = 4; lastKnownFileType = sourcecode.c.h; path = PlayViewController.h; sourceTree = "<group>"; };
		4273FF121E948D8C004CB27B /* PlayViewController.m */ = {isa = PBXFileReference; fileEncoding = 4; lastKnownFileType = sourcecode.c.objc; path = PlayViewController.m; sourceTree = "<group>"; };
		42AD2D651E8DFA4D00EC3A0B /* VideoTest.app */ = {isa = PBXFileReference; explicitFileType = wrapper.application; includeInIndex = 0; path = VideoTest.app; sourceTree = BUILT_PRODUCTS_DIR; };
		42AD2D691E8DFA4D00EC3A0B /* main.m */ = {isa = PBXFileReference; lastKnownFileType = sourcecode.c.objc; path = main.m; sourceTree = "<group>"; };
		42AD2D771E8DFA4D00EC3A0B /* Base */ = {isa = PBXFileReference; lastKnownFileType = file.storyboard; name = Base; path = Base.lproj/LaunchScreen.storyboard; sourceTree = "<group>"; };
		42AD2D8E1E8DFA9000EC3A0B /* en */ = {isa = PBXFileReference; lastKnownFileType = text.plist.strings; name = en; path = InfoPlist.strings; sourceTree = "<group>"; };
		42AD2D8F1E8DFA9000EC3A0B /* Images.xcassets */ = {isa = PBXFileReference; lastKnownFileType = folder.assetcatalog; path = Images.xcassets; sourceTree = "<group>"; };
		42AD2D991E8DFA9000EC3A0B /* MBProgressHUD.h */ = {isa = PBXFileReference; fileEncoding = 4; lastKnownFileType = sourcecode.c.h; path = MBProgressHUD.h; sourceTree = "<group>"; };
		42AD2D9A1E8DFA9000EC3A0B /* MBProgressHUD.m */ = {isa = PBXFileReference; fileEncoding = 4; lastKnownFileType = sourcecode.c.objc; path = MBProgressHUD.m; sourceTree = "<group>"; };
		42AD2DA11E8DFA9000EC3A0B /* g_tabbar_ic_video_down.png */ = {isa = PBXFileReference; lastKnownFileType = image.png; path = g_tabbar_ic_video_down.png; sourceTree = "<group>"; };
		42AD2DA21E8DFA9000EC3A0B /* g_tabbar_ic_video_down@2x.png */ = {isa = PBXFileReference; lastKnownFileType = image.png; path = "g_tabbar_ic_video_down@2x.png"; sourceTree = "<group>"; };
		42AD2DA31E8DFA9000EC3A0B /* g_tabbar_ic_video_nor.png */ = {isa = PBXFileReference; lastKnownFileType = image.png; path = g_tabbar_ic_video_nor.png; sourceTree = "<group>"; };
		42AD2DA41E8DFA9000EC3A0B /* g_tabbar_ic_video_nor@2x.png */ = {isa = PBXFileReference; lastKnownFileType = image.png; path = "g_tabbar_ic_video_nor@2x.png"; sourceTree = "<group>"; };
		42AD2DA51E8DFA9000EC3A0B /* record_close_disable.png */ = {isa = PBXFileReference; lastKnownFileType = image.png; path = record_close_disable.png; sourceTree = "<group>"; };
		42AD2DA61E8DFA9000EC3A0B /* record_close_disable@2x.png */ = {isa = PBXFileReference; lastKnownFileType = image.png; path = "record_close_disable@2x.png"; sourceTree = "<group>"; };
		42AD2DA71E8DFA9000EC3A0B /* record_close_highlighted.png */ = {isa = PBXFileReference; lastKnownFileType = image.png; path = record_close_highlighted.png; sourceTree = "<group>"; };
		42AD2DA81E8DFA9000EC3A0B /* record_close_highlighted@2x.png */ = {isa = PBXFileReference; lastKnownFileType = image.png; path = "record_close_highlighted@2x.png"; sourceTree = "<group>"; };
		42AD2DA91E8DFA9000EC3A0B /* record_close_normal.png */ = {isa = PBXFileReference; lastKnownFileType = image.png; path = record_close_normal.png; sourceTree = "<group>"; };
		42AD2DAA1E8DFA9000EC3A0B /* record_close_normal@2x.png */ = {isa = PBXFileReference; lastKnownFileType = image.png; path = "record_close_normal@2x.png"; sourceTree = "<group>"; };
		42AD2DAB1E8DFA9000EC3A0B /* record_delete_disable.png */ = {isa = PBXFileReference; lastKnownFileType = image.png; path = record_delete_disable.png; sourceTree = "<group>"; };
		42AD2DAC1E8DFA9000EC3A0B /* record_delete_disable@2x.png */ = {isa = PBXFileReference; lastKnownFileType = image.png; path = "record_delete_disable@2x.png"; sourceTree = "<group>"; };
		42AD2DAD1E8DFA9000EC3A0B /* record_delete_normal.png */ = {isa = PBXFileReference; lastKnownFileType = image.png; path = record_delete_normal.png; sourceTree = "<group>"; };
		42AD2DAE1E8DFA9000EC3A0B /* record_delete_normal@2x.png */ = {isa = PBXFileReference; lastKnownFileType = image.png; path = "record_delete_normal@2x.png"; sourceTree = "<group>"; };
		42AD2DAF1E8DFA9000EC3A0B /* record_deletesure_normal.png */ = {isa = PBXFileReference; lastKnownFileType = image.png; path = record_deletesure_normal.png; sourceTree = "<group>"; };
		42AD2DB01E8DFA9000EC3A0B /* record_deletesure_normal@2x.png */ = {isa = PBXFileReference; lastKnownFileType = image.png; path = "record_deletesure_normal@2x.png"; sourceTree = "<group>"; };
		42AD2DB11E8DFA9000EC3A0B /* record_flashlight_disable.png */ = {isa = PBXFileReference; lastKnownFileType = image.png; path = record_flashlight_disable.png; sourceTree = "<group>"; };
		42AD2DB21E8DFA9000EC3A0B /* record_flashlight_disable@2x.png */ = {isa = PBXFileReference; lastKnownFileType = image.png; path = "record_flashlight_disable@2x.png"; sourceTree = "<group>"; };
		42AD2DB31E8DFA9000EC3A0B /* record_flashlight_highlighted.png */ = {isa = PBXFileReference; lastKnownFileType = image.png; path = record_flashlight_highlighted.png; sourceTree = "<group>"; };
		42AD2DB41E8DFA9000EC3A0B /* record_flashlight_highlighted@2x.png */ = {isa = PBXFileReference; lastKnownFileType = image.png; path = "record_flashlight_highlighted@2x.png"; sourceTree = "<group>"; };
		42AD2DB51E8DFA9000EC3A0B /* record_flashlight_normal.png */ = {isa = PBXFileReference; lastKnownFileType = image.png; path = record_flashlight_normal.png; sourceTree = "<group>"; };
		42AD2DB61E8DFA9000EC3A0B /* record_flashlight_normal@2x.png */ = {isa = PBXFileReference; lastKnownFileType = image.png; path = "record_flashlight_normal@2x.png"; sourceTree = "<group>"; };
		42AD2DB71E8DFA9000EC3A0B /* record_focus_disable.png */ = {isa = PBXFileReference; lastKnownFileType = image.png; path = record_focus_disable.png; sourceTree = "<group>"; };
		42AD2DB81E8DFA9000EC3A0B /* record_focus_disable@2x.png */ = {isa = PBXFileReference; lastKnownFileType = image.png; path = "record_focus_disable@2x.png"; sourceTree = "<group>"; };
		42AD2DB91E8DFA9000EC3A0B /* record_focus_highlighted.png */ = {isa = PBXFileReference; lastKnownFileType = image.png; path = record_focus_highlighted.png; sourceTree = "<group>"; };
		42AD2DBA1E8DFA9000EC3A0B /* record_focus_highlighted@2x.png */ = {isa = PBXFileReference; lastKnownFileType = image.png; path = "record_focus_highlighted@2x.png"; sourceTree = "<group>"; };
		42AD2DBB1E8DFA9000EC3A0B /* record_focus_normal.png */ = {isa = PBXFileReference; lastKnownFileType = image.png; path = record_focus_normal.png; sourceTree = "<group>"; };
		42AD2DBC1E8DFA9000EC3A0B /* record_focus_normal@2x.png */ = {isa = PBXFileReference; lastKnownFileType = image.png; path = "record_focus_normal@2x.png"; sourceTree = "<group>"; };
		42AD2DBD1E8DFA9000EC3A0B /* record_focus_off.png */ = {isa = PBXFileReference; lastKnownFileType = image.png; path = record_focus_off.png; sourceTree = "<group>"; };
		42AD2DBE1E8DFA9000EC3A0B /* record_focus_off@2x.png */ = {isa = PBXFileReference; lastKnownFileType = image.png; path = "record_focus_off@2x.png"; sourceTree = "<group>"; };
		42AD2DBF1E8DFA9000EC3A0B /* record_icon_hook.png */ = {isa = PBXFileReference; lastKnownFileType = image.png; path = record_icon_hook.png; sourceTree = "<group>"; };
		42AD2DC01E8DFA9000EC3A0B /* record_icon_hook@2x.png */ = {isa = PBXFileReference; lastKnownFileType = image.png; path = "record_icon_hook@2x.png"; sourceTree = "<group>"; };
		42AD2DC11E8DFA9000EC3A0B /* record_icon_hook_highlighted_bg.png */ = {isa = PBXFileReference; lastKnownFileType = image.png; path = record_icon_hook_highlighted_bg.png; sourceTree = "<group>"; };
		42AD2DC21E8DFA9000EC3A0B /* record_icon_hook_highlighted_bg@2x.png */ = {isa = PBXFileReference; lastKnownFileType = image.png; path = "record_icon_hook_highlighted_bg@2x.png"; sourceTree = "<group>"; };
		42AD2DC31E8DFA9000EC3A0B /* record_icon_hook_normal.png */ = {isa = PBXFileReference; lastKnownFileType = image.png; path = record_icon_hook_normal.png; sourceTree = "<group>"; };
		42AD2DC41E8DFA9000EC3A0B /* record_icon_hook_normal@2x.png */ = {isa = PBXFileReference; lastKnownFileType = image.png; path = "record_icon_hook_normal@2x.png"; sourceTree = "<group>"; };
		42AD2DC51E8DFA9000EC3A0B /* record_icon_hook_normal_bg.png */ = {isa = PBXFileReference; lastKnownFileType = image.png; path = record_icon_hook_normal_bg.png; sourceTree = "<group>"; };
		42AD2DC61E8DFA9000EC3A0B /* record_icon_hook_normal_bg@2x.png */ = {isa = PBXFileReference; lastKnownFileType = image.png; path = "record_icon_hook_normal_bg@2x.png"; sourceTree = "<group>"; };
		42AD2DC71E8DFA9000EC3A0B /* record_lensflip_disable.png */ = {isa = PBXFileReference; lastKnownFileType = image.png; path = record_lensflip_disable.png; sourceTree = "<group>"; };
		42AD2DC81E8DFA9000EC3A0B /* record_lensflip_disable@2x.png */ = {isa = PBXFileReference; lastKnownFileType = image.png; path = "record_lensflip_disable@2x.png"; sourceTree = "<group>"; };
		42AD2DC91E8DFA9000EC3A0B /* record_lensflip_highlighted.png */ = {isa = PBXFileReference; lastKnownFileType = image.png; path = record_lensflip_highlighted.png; sourceTree = "<group>"; };
		42AD2DCA1E8DFA9000EC3A0B /* record_lensflip_highlighted@2x.png */ = {isa = PBXFileReference; lastKnownFileType = image.png; path = "record_lensflip_highlighted@2x.png"; sourceTree = "<group>"; };
		42AD2DCB1E8DFA9000EC3A0B /* record_lensflip_normal.png */ = {isa = PBXFileReference; lastKnownFileType = image.png; path = record_lensflip_normal.png; sourceTree = "<group>"; };
		42AD2DCC1E8DFA9000EC3A0B /* record_lensflip_normal@2x.png */ = {isa = PBXFileReference; lastKnownFileType = image.png; path = "record_lensflip_normal@2x.png"; sourceTree = "<group>"; };
		42AD2DCD1E8DFA9000EC3A0B /* record_progressbar_front.png */ = {isa = PBXFileReference; lastKnownFileType = image.png; path = record_progressbar_front.png; sourceTree = "<group>"; };
		42AD2DCE1E8DFA9000EC3A0B /* record_progressbar_front@2x.png */ = {isa = PBXFileReference; lastKnownFileType = image.png; path = "record_progressbar_front@2x.png"; sourceTree = "<group>"; };
		42AD2DCF1E8DFA9000EC3A0B /* record_tool_disable.png */ = {isa = PBXFileReference; lastKnownFileType = image.png; path = record_tool_disable.png; sourceTree = "<group>"; };
		42AD2DD01E8DFA9000EC3A0B /* record_tool_disable@2x.png */ = {isa = PBXFileReference; lastKnownFileType = image.png; path = "record_tool_disable@2x.png"; sourceTree = "<group>"; };
		42AD2DD11E8DFA9000EC3A0B /* record_tool_highlighted.png */ = {isa = PBXFileReference; lastKnownFileType = image.png; path = record_tool_highlighted.png; sourceTree = "<group>"; };
		42AD2DD21E8DFA9000EC3A0B /* record_tool_highlighted@2x.png */ = {isa = PBXFileReference; lastKnownFileType = image.png; path = "record_tool_highlighted@2x.png"; sourceTree = "<group>"; };
		42AD2DD31E8DFA9000EC3A0B /* record_tool_normal.png */ = {isa = PBXFileReference; lastKnownFileType = image.png; path = record_tool_normal.png; sourceTree = "<group>"; };
		42AD2DD41E8DFA9000EC3A0B /* record_tool_normal@2x.png */ = {isa = PBXFileReference; lastKnownFileType = image.png; path = "record_tool_normal@2x.png"; sourceTree = "<group>"; };
		42AD2DD51E8DFA9000EC3A0B /* touch_focus_not.png */ = {isa = PBXFileReference; lastKnownFileType = image.png; path = touch_focus_not.png; sourceTree = "<group>"; };
		42AD2DD61E8DFA9000EC3A0B /* touch_focus_not@2x.png */ = {isa = PBXFileReference; lastKnownFileType = image.png; path = "touch_focus_not@2x.png"; sourceTree = "<group>"; };
		42AD2DD71E8DFA9000EC3A0B /* vedio_nav_btn_back_nor.png */ = {isa = PBXFileReference; lastKnownFileType = image.png; path = vedio_nav_btn_back_nor.png; sourceTree = "<group>"; };
		42AD2DD81E8DFA9000EC3A0B /* vedio_nav_btn_back_nor@2x.png */ = {isa = PBXFileReference; lastKnownFileType = image.png; path = "vedio_nav_btn_back_nor@2x.png"; sourceTree = "<group>"; };
		42AD2DD91E8DFA9000EC3A0B /* vedio_nav_btn_back_pre.png */ = {isa = PBXFileReference; lastKnownFileType = image.png; path = vedio_nav_btn_back_pre.png; sourceTree = "<group>"; };
		42AD2DDA1E8DFA9000EC3A0B /* vedio_nav_btn_back_pre@2x.png */ = {isa = PBXFileReference; lastKnownFileType = image.png; path = "vedio_nav_btn_back_pre@2x.png"; sourceTree = "<group>"; };
		42AD2DDB1E8DFA9000EC3A0B /* video_icon.png */ = {isa = PBXFileReference; lastKnownFileType = image.png; path = video_icon.png; sourceTree = "<group>"; };
		42AD2DDC1E8DFA9000EC3A0B /* video_icon@2x.png */ = {isa = PBXFileReference; lastKnownFileType = image.png; path = "video_icon@2x.png"; sourceTree = "<group>"; };
		42AD2DDD1E8DFA9000EC3A0B /* video_longvideo_btn_pause.png */ = {isa = PBXFileReference; lastKnownFileType = image.png; path = video_longvideo_btn_pause.png; sourceTree = "<group>"; };
		42AD2DDE1E8DFA9000EC3A0B /* video_longvideo_btn_pause@2x.png */ = {isa = PBXFileReference; lastKnownFileType = image.png; path = "video_longvideo_btn_pause@2x.png"; sourceTree = "<group>"; };
		42AD2DDF1E8DFA9000EC3A0B /* video_longvideo_btn_shoot.png */ = {isa = PBXFileReference; lastKnownFileType = image.png; path = video_longvideo_btn_shoot.png; sourceTree = "<group>"; };
		42AD2DE01E8DFA9000EC3A0B /* video_longvideo_btn_shoot@2x.png */ = {isa = PBXFileReference; lastKnownFileType = image.png; path = "video_longvideo_btn_shoot@2x.png"; sourceTree = "<group>"; };
		42AD2DE11E8DFA9000EC3A0B /* SBCaptureDefine.h */ = {isa = PBXFileReference; fileEncoding = 4; lastKnownFileType = sourcecode.c.h; path = SBCaptureDefine.h; sourceTree = "<group>"; };
		42AD2DE21E8DFA9000EC3A0B /* SBCaptureToolKit.h */ = {isa = PBXFileReference; fileEncoding = 4; lastKnownFileType = sourcecode.c.h; path = SBCaptureToolKit.h; sourceTree = "<group>"; };
		42AD2DE31E8DFA9000EC3A0B /* SBCaptureToolKit.m */ = {isa = PBXFileReference; fileEncoding = 4; lastKnownFileType = sourcecode.c.objc; path = SBCaptureToolKit.m; sourceTree = "<group>"; };
		42AD2DE51E8DFA9000EC3A0B /* SBVideoRecorder.h */ = {isa = PBXFileReference; fileEncoding = 4; lastKnownFileType = sourcecode.c.h; path = SBVideoRecorder.h; sourceTree = "<group>"; };
		42AD2DE61E8DFA9000EC3A0B /* SBVideoRecorder.m */ = {isa = PBXFileReference; fileEncoding = 4; lastKnownFileType = sourcecode.c.objc; path = SBVideoRecorder.m; sourceTree = "<group>"; };
		42AD2E3C1E8DFB4900EC3A0B /* AppDelegate.h */ = {isa = PBXFileReference; fileEncoding = 4; lastKnownFileType = sourcecode.c.h; path = AppDelegate.h; sourceTree = "<group>"; };
		42AD2E3D1E8DFB4900EC3A0B /* AppDelegate.m */ = {isa = PBXFileReference; fileEncoding = 4; lastKnownFileType = sourcecode.c.objc; path = AppDelegate.m; sourceTree = "<group>"; };
/* End PBXFileReference section */

/* Begin PBXFrameworksBuildPhase section */
		42AD2D621E8DFA4D00EC3A0B /* Frameworks */ = {
			isa = PBXFrameworksBuildPhase;
			buildActionMask = 2147483647;
			files = (
			);
			runOnlyForDeploymentPostprocessing = 0;
		};
/* End PBXFrameworksBuildPhase section */

/* Begin PBXGroup section */
		4273FF0B1E948D8C004CB27B /* Common */ = {
			isa = PBXGroup;
			children = (
				4273FF0F1E948D8C004CB27B /* MainViewController.h */,
				4273FF101E948D8C004CB27B /* MainViewController.m */,
				4273FF0C1E948D8C004CB27B /* CaptureViewController.h */,
				4273FF0D1E948D8C004CB27B /* CaptureViewController.m */,
				4273FF111E948D8C004CB27B /* PlayViewController.h */,
				4273FF121E948D8C004CB27B /* PlayViewController.m */,
			);
			path = Common;
			sourceTree = "<group>";
		};
		42AD2D5C1E8DFA4D00EC3A0B = {
			isa = PBXGroup;
			children = (
				42AD2D671E8DFA4D00EC3A0B /* VideoTest */,
				42AD2D661E8DFA4D00EC3A0B /* Products */,
			);
			sourceTree = "<group>";
		};
		42AD2D661E8DFA4D00EC3A0B /* Products */ = {
			isa = PBXGroup;
			children = (
				42AD2D651E8DFA4D00EC3A0B /* VideoTest.app */,
			);
			name = Products;
			sourceTree = "<group>";
		};
		42AD2D671E8DFA4D00EC3A0B /* VideoTest */ = {
			isa = PBXGroup;
			children = (
				42AD2E3C1E8DFB4900EC3A0B /* AppDelegate.h */,
				42AD2E3D1E8DFB4900EC3A0B /* AppDelegate.m */,
				4273FF0B1E948D8C004CB27B /* Common */,
				42AD2D981E8DFA9000EC3A0B /* MBProgressHUD */,
				42AD2D9F1E8DFA9000EC3A0B /* SBVideoCapture */,
				42AD2D761E8DFA4D00EC3A0B /* LaunchScreen.storyboard */,
				42AD2D681E8DFA4D00EC3A0B /* Supporting Files */,
			);
			path = VideoTest;
			sourceTree = "<group>";
		};
		42AD2D681E8DFA4D00EC3A0B /* Supporting Files */ = {
			isa = PBXGroup;
			children = (
				4273FF081E948D77004CB27B /* VideoTest-Info.plist */,
				4273FF091E948D77004CB27B /* VideoTest-Prefix.pch */,
				42AD2D8F1E8DFA9000EC3A0B /* Images.xcassets */,
				42AD2D8C1E8DFA9000EC3A0B /* en.lproj */,
				42AD2D691E8DFA4D00EC3A0B /* main.m */,
			);
			name = "Supporting Files";
			sourceTree = "<group>";
		};
		42AD2D8C1E8DFA9000EC3A0B /* en.lproj */ = {
			isa = PBXGroup;
			children = (
				42AD2D8D1E8DFA9000EC3A0B /* InfoPlist.strings */,
			);
			path = en.lproj;
			sourceTree = "<group>";
		};
		42AD2D981E8DFA9000EC3A0B /* MBProgressHUD */ = {
			isa = PBXGroup;
			children = (
				42AD2D991E8DFA9000EC3A0B /* MBProgressHUD.h */,
				42AD2D9A1E8DFA9000EC3A0B /* MBProgressHUD.m */,
			);
			path = MBProgressHUD;
			sourceTree = "<group>";
		};
		42AD2D9F1E8DFA9000EC3A0B /* SBVideoCapture */ = {
			isa = PBXGroup;
			children = (
				42AD2DA01E8DFA9000EC3A0B /* image */,
				42AD2DE11E8DFA9000EC3A0B /* SBCaptureDefine.h */,
				42AD2DE21E8DFA9000EC3A0B /* SBCaptureToolKit.h */,
				42AD2DE31E8DFA9000EC3A0B /* SBCaptureToolKit.m */,
				42AD2DE41E8DFA9000EC3A0B /* SBVideoRecorder */,
			);
			path = SBVideoCapture;
			sourceTree = "<group>";
		};
		42AD2DA01E8DFA9000EC3A0B /* image */ = {
			isa = PBXGroup;
			children = (
				42AD2DA11E8DFA9000EC3A0B /* g_tabbar_ic_video_down.png */,
				42AD2DA21E8DFA9000EC3A0B /* g_tabbar_ic_video_down@2x.png */,
				42AD2DA31E8DFA9000EC3A0B /* g_tabbar_ic_video_nor.png */,
				42AD2DA41E8DFA9000EC3A0B /* g_tabbar_ic_video_nor@2x.png */,
				42AD2DA51E8DFA9000EC3A0B /* record_close_disable.png */,
				42AD2DA61E8DFA9000EC3A0B /* record_close_disable@2x.png */,
				42AD2DA71E8DFA9000EC3A0B /* record_close_highlighted.png */,
				42AD2DA81E8DFA9000EC3A0B /* record_close_highlighted@2x.png */,
				42AD2DA91E8DFA9000EC3A0B /* record_close_normal.png */,
				42AD2DAA1E8DFA9000EC3A0B /* record_close_normal@2x.png */,
				42AD2DAB1E8DFA9000EC3A0B /* record_delete_disable.png */,
				42AD2DAC1E8DFA9000EC3A0B /* record_delete_disable@2x.png */,
				42AD2DAD1E8DFA9000EC3A0B /* record_delete_normal.png */,
				42AD2DAE1E8DFA9000EC3A0B /* record_delete_normal@2x.png */,
				42AD2DAF1E8DFA9000EC3A0B /* record_deletesure_normal.png */,
				42AD2DB01E8DFA9000EC3A0B /* record_deletesure_normal@2x.png */,
				42AD2DB11E8DFA9000EC3A0B /* record_flashlight_disable.png */,
				42AD2DB21E8DFA9000EC3A0B /* record_flashlight_disable@2x.png */,
				42AD2DB31E8DFA9000EC3A0B /* record_flashlight_highlighted.png */,
				42AD2DB41E8DFA9000EC3A0B /* record_flashlight_highlighted@2x.png */,
				42AD2DB51E8DFA9000EC3A0B /* record_flashlight_normal.png */,
				42AD2DB61E8DFA9000EC3A0B /* record_flashlight_normal@2x.png */,
				42AD2DB71E8DFA9000EC3A0B /* record_focus_disable.png */,
				42AD2DB81E8DFA9000EC3A0B /* record_focus_disable@2x.png */,
				42AD2DB91E8DFA9000EC3A0B /* record_focus_highlighted.png */,
				42AD2DBA1E8DFA9000EC3A0B /* record_focus_highlighted@2x.png */,
				42AD2DBB1E8DFA9000EC3A0B /* record_focus_normal.png */,
				42AD2DBC1E8DFA9000EC3A0B /* record_focus_normal@2x.png */,
				42AD2DBD1E8DFA9000EC3A0B /* record_focus_off.png */,
				42AD2DBE1E8DFA9000EC3A0B /* record_focus_off@2x.png */,
				42AD2DBF1E8DFA9000EC3A0B /* record_icon_hook.png */,
				42AD2DC01E8DFA9000EC3A0B /* record_icon_hook@2x.png */,
				42AD2DC11E8DFA9000EC3A0B /* record_icon_hook_highlighted_bg.png */,
				42AD2DC21E8DFA9000EC3A0B /* record_icon_hook_highlighted_bg@2x.png */,
				42AD2DC31E8DFA9000EC3A0B /* record_icon_hook_normal.png */,
				42AD2DC41E8DFA9000EC3A0B /* record_icon_hook_normal@2x.png */,
				42AD2DC51E8DFA9000EC3A0B /* record_icon_hook_normal_bg.png */,
				42AD2DC61E8DFA9000EC3A0B /* record_icon_hook_normal_bg@2x.png */,
				42AD2DC71E8DFA9000EC3A0B /* record_lensflip_disable.png */,
				42AD2DC81E8DFA9000EC3A0B /* record_lensflip_disable@2x.png */,
				42AD2DC91E8DFA9000EC3A0B /* record_lensflip_highlighted.png */,
				42AD2DCA1E8DFA9000EC3A0B /* record_lensflip_highlighted@2x.png */,
				42AD2DCB1E8DFA9000EC3A0B /* record_lensflip_normal.png */,
				42AD2DCC1E8DFA9000EC3A0B /* record_lensflip_normal@2x.png */,
				42AD2DCD1E8DFA9000EC3A0B /* record_progressbar_front.png */,
				42AD2DCE1E8DFA9000EC3A0B /* record_progressbar_front@2x.png */,
				42AD2DCF1E8DFA9000EC3A0B /* record_tool_disable.png */,
				42AD2DD01E8DFA9000EC3A0B /* record_tool_disable@2x.png */,
				42AD2DD11E8DFA9000EC3A0B /* record_tool_highlighted.png */,
				42AD2DD21E8DFA9000EC3A0B /* record_tool_highlighted@2x.png */,
				42AD2DD31E8DFA9000EC3A0B /* record_tool_normal.png */,
				42AD2DD41E8DFA9000EC3A0B /* record_tool_normal@2x.png */,
				42AD2DD51E8DFA9000EC3A0B /* touch_focus_not.png */,
				42AD2DD61E8DFA9000EC3A0B /* touch_focus_not@2x.png */,
				42AD2DD71E8DFA9000EC3A0B /* vedio_nav_btn_back_nor.png */,
				42AD2DD81E8DFA9000EC3A0B /* vedio_nav_btn_back_nor@2x.png */,
				42AD2DD91E8DFA9000EC3A0B /* vedio_nav_btn_back_pre.png */,
				42AD2DDA1E8DFA9000EC3A0B /* vedio_nav_btn_back_pre@2x.png */,
				42AD2DDB1E8DFA9000EC3A0B /* video_icon.png */,
				42AD2DDC1E8DFA9000EC3A0B /* video_icon@2x.png */,
				42AD2DDD1E8DFA9000EC3A0B /* video_longvideo_btn_pause.png */,
				42AD2DDE1E8DFA9000EC3A0B /* video_longvideo_btn_pause@2x.png */,
				42AD2DDF1E8DFA9000EC3A0B /* video_longvideo_btn_shoot.png */,
				42AD2DE01E8DFA9000EC3A0B /* video_longvideo_btn_shoot@2x.png */,
			);
			path = image;
			sourceTree = "<group>";
		};
		42AD2DE41E8DFA9000EC3A0B /* SBVideoRecorder */ = {
			isa = PBXGroup;
			children = (
				42AD2DE51E8DFA9000EC3A0B /* SBVideoRecorder.h */,
				42AD2DE61E8DFA9000EC3A0B /* SBVideoRecorder.m */,
			);
			path = SBVideoRecorder;
			sourceTree = "<group>";
		};
/* End PBXGroup section */

/* Begin PBXNativeTarget section */
		42AD2D641E8DFA4D00EC3A0B /* VideoTest */ = {
			isa = PBXNativeTarget;
			buildConfigurationList = 42AD2D7C1E8DFA4D00EC3A0B /* Build configuration list for PBXNativeTarget "VideoTest" */;
			buildPhases = (
				42AD2D611E8DFA4D00EC3A0B /* Sources */,
				42AD2D621E8DFA4D00EC3A0B /* Frameworks */,
				42AD2D631E8DFA4D00EC3A0B /* Resources */,
			);
			buildRules = (
			);
			dependencies = (
			);
			name = VideoTest;
			productName = VideoTest;
			productReference = 42AD2D651E8DFA4D00EC3A0B /* VideoTest.app */;
			productType = "com.apple.product-type.application";
		};
/* End PBXNativeTarget section */

/* Begin PBXProject section */
		42AD2D5D1E8DFA4D00EC3A0B /* Project object */ = {
			isa = PBXProject;
			attributes = {
				LastUpgradeCheck = 0830;
				ORGANIZATIONNAME = "FengQi Network Technology Co., Ltd";
				TargetAttributes = {
					42AD2D641E8DFA4D00EC3A0B = {
						CreatedOnToolsVersion = 8.3;
						DevelopmentTeam = 5UL2M9C7X7;
						ProvisioningStyle = Automatic;
					};
				};
			};
			buildConfigurationList = 42AD2D601E8DFA4D00EC3A0B /* Build configuration list for PBXProject "VideoTest" */;
			compatibilityVersion = "Xcode 3.2";
			developmentRegion = English;
			hasScannedForEncodings = 0;
			knownRegions = (
				en,
				Base,
			);
			mainGroup = 42AD2D5C1E8DFA4D00EC3A0B;
			productRefGroup = 42AD2D661E8DFA4D00EC3A0B /* Products */;
			projectDirPath = "";
			projectRoot = "";
			targets = (
				42AD2D641E8DFA4D00EC3A0B /* VideoTest */,
			);
		};
/* End PBXProject section */

/* Begin PBXResourcesBuildPhase section */
		42AD2D631E8DFA4D00EC3A0B /* Resources */ = {
			isa = PBXResourcesBuildPhase;
			buildActionMask = 2147483647;
			files = (
				42AD2E101E8DFA9000EC3A0B /* record_focus_disable@2x.png in Resources */,
				42AD2D781E8DFA4D00EC3A0B /* LaunchScreen.storyboard in Resources */,
				42AD2DFB1E8DFA9000EC3A0B /* g_tabbar_ic_video_nor.png in Resources */,
				42AD2E0A1E8DFA9000EC3A0B /* record_flashlight_disable@2x.png in Resources */,
				42AD2E2A1E8DFA9000EC3A0B /* record_tool_highlighted@2x.png in Resources */,
				42AD2E351E8DFA9000EC3A0B /* video_longvideo_btn_pause.png in Resources */,
				42AD2E341E8DFA9000EC3A0B /* video_icon@2x.png in Resources */,
				42AD2E1F1E8DFA9000EC3A0B /* record_lensflip_disable.png in Resources */,
				42AD2DFD1E8DFA9000EC3A0B /* record_close_disable.png in Resources */,
				42AD2E111E8DFA9000EC3A0B /* record_focus_highlighted.png in Resources */,
				42AD2E331E8DFA9000EC3A0B /* video_icon.png in Resources */,
				42AD2E251E8DFA9000EC3A0B /* record_progressbar_front.png in Resources */,
				42AD2E001E8DFA9000EC3A0B /* record_close_highlighted@2x.png in Resources */,
				42AD2E151E8DFA9000EC3A0B /* record_focus_off.png in Resources */,
				42AD2E1D1E8DFA9000EC3A0B /* record_icon_hook_normal_bg.png in Resources */,
				42AD2E021E8DFA9000EC3A0B /* record_close_normal@2x.png in Resources */,
				42AD2E041E8DFA9000EC3A0B /* record_delete_disable@2x.png in Resources */,
				42AD2E281E8DFA9000EC3A0B /* record_tool_disable@2x.png in Resources */,
				42AD2E361E8DFA9000EC3A0B /* video_longvideo_btn_pause@2x.png in Resources */,
				42AD2DFA1E8DFA9000EC3A0B /* g_tabbar_ic_video_down@2x.png in Resources */,
				42AD2E2F1E8DFA9000EC3A0B /* vedio_nav_btn_back_nor.png in Resources */,
				42AD2E131E8DFA9000EC3A0B /* record_focus_normal.png in Resources */,
				42AD2E031E8DFA9000EC3A0B /* record_delete_disable.png in Resources */,
				42AD2E121E8DFA9000EC3A0B /* record_focus_highlighted@2x.png in Resources */,
				42AD2DEF1E8DFA9000EC3A0B /* Images.xcassets in Resources */,
				42AD2E221E8DFA9000EC3A0B /* record_lensflip_highlighted@2x.png in Resources */,
				4273FF0A1E948D77004CB27B /* VideoTest-Info.plist in Resources */,
				42AD2E181E8DFA9000EC3A0B /* record_icon_hook@2x.png in Resources */,
				42AD2E2D1E8DFA9000EC3A0B /* touch_focus_not.png in Resources */,
				42AD2E241E8DFA9000EC3A0B /* record_lensflip_normal@2x.png in Resources */,
				42AD2E381E8DFA9000EC3A0B /* video_longvideo_btn_shoot@2x.png in Resources */,
				42AD2E0B1E8DFA9000EC3A0B /* record_flashlight_highlighted.png in Resources */,
				42AD2DFC1E8DFA9000EC3A0B /* g_tabbar_ic_video_nor@2x.png in Resources */,
				42AD2E201E8DFA9000EC3A0B /* record_lensflip_disable@2x.png in Resources */,
				42AD2E301E8DFA9000EC3A0B /* vedio_nav_btn_back_nor@2x.png in Resources */,
				42AD2E1B1E8DFA9000EC3A0B /* record_icon_hook_normal.png in Resources */,
				42AD2E1A1E8DFA9000EC3A0B /* record_icon_hook_highlighted_bg@2x.png in Resources */,
				42AD2E081E8DFA9000EC3A0B /* record_deletesure_normal@2x.png in Resources */,
				42AD2DFF1E8DFA9000EC3A0B /* record_close_highlighted.png in Resources */,
				42AD2E091E8DFA9000EC3A0B /* record_flashlight_disable.png in Resources */,
				42AD2E211E8DFA9000EC3A0B /* record_lensflip_highlighted.png in Resources */,
				42AD2DEE1E8DFA9000EC3A0B /* InfoPlist.strings in Resources */,
				42AD2DFE1E8DFA9000EC3A0B /* record_close_disable@2x.png in Resources */,
				42AD2E321E8DFA9000EC3A0B /* vedio_nav_btn_back_pre@2x.png in Resources */,
				42AD2E231E8DFA9000EC3A0B /* record_lensflip_normal.png in Resources */,
				42AD2E271E8DFA9000EC3A0B /* record_tool_disable.png in Resources */,
				42AD2E011E8DFA9000EC3A0B /* record_close_normal.png in Resources */,
				42AD2E051E8DFA9000EC3A0B /* record_delete_normal.png in Resources */,
				42AD2E071E8DFA9000EC3A0B /* record_deletesure_normal.png in Resources */,
				42AD2E261E8DFA9000EC3A0B /* record_progressbar_front@2x.png in Resources */,
				42AD2E191E8DFA9000EC3A0B /* record_icon_hook_highlighted_bg.png in Resources */,
				42AD2E2C1E8DFA9000EC3A0B /* record_tool_normal@2x.png in Resources */,
				42AD2E0D1E8DFA9000EC3A0B /* record_flashlight_normal.png in Resources */,
				42AD2E2B1E8DFA9000EC3A0B /* record_tool_normal.png in Resources */,
				42AD2E0F1E8DFA9000EC3A0B /* record_focus_disable.png in Resources */,
				42AD2E141E8DFA9000EC3A0B /* record_focus_normal@2x.png in Resources */,
				42AD2E311E8DFA9000EC3A0B /* vedio_nav_btn_back_pre.png in Resources */,
				42AD2E2E1E8DFA9000EC3A0B /* touch_focus_not@2x.png in Resources */,
				42AD2E061E8DFA9000EC3A0B /* record_delete_normal@2x.png in Resources */,
				42AD2E0C1E8DFA9000EC3A0B /* record_flashlight_highlighted@2x.png in Resources */,
				42AD2E1E1E8DFA9000EC3A0B /* record_icon_hook_normal_bg@2x.png in Resources */,
				42AD2E291E8DFA9000EC3A0B /* record_tool_highlighted.png in Resources */,
				42AD2DF91E8DFA9000EC3A0B /* g_tabbar_ic_video_down.png in Resources */,
				42AD2E0E1E8DFA9000EC3A0B /* record_flashlight_normal@2x.png in Resources */,
				42AD2E371E8DFA9000EC3A0B /* video_longvideo_btn_shoot.png in Resources */,
				42AD2E1C1E8DFA9000EC3A0B /* record_icon_hook_normal@2x.png in Resources */,
				42AD2E171E8DFA9000EC3A0B /* record_icon_hook.png in Resources */,
				42AD2E161E8DFA9000EC3A0B /* record_focus_off@2x.png in Resources */,
			);
			runOnlyForDeploymentPostprocessing = 0;
		};
/* End PBXResourcesBuildPhase section */

/* Begin PBXSourcesBuildPhase section */
		42AD2D611E8DFA4D00EC3A0B /* Sources */ = {
			isa = PBXSourcesBuildPhase;
			buildActionMask = 2147483647;
			files = (
				42AD2E3A1E8DFA9000EC3A0B /* SBVideoRecorder.m in Sources */,
				42AD2DF61E8DFA9000EC3A0B /* MBProgressHUD.m in Sources */,
				42AD2D6A1E8DFA4D00EC3A0B /* main.m in Sources */,
				42AD2E3E1E8DFB4900EC3A0B /* AppDelegate.m in Sources */,
				4273FF161E948D8C004CB27B /* PlayViewController.m in Sources */,
				4273FF151E948D8C004CB27B /* MainViewController.m in Sources */,
				42AD2E391E8DFA9000EC3A0B /* SBCaptureToolKit.m in Sources */,
				4273FF141E948D8C004CB27B /* CaptureViewController.m in Sources */,
			);
			runOnlyForDeploymentPostprocessing = 0;
		};
/* End PBXSourcesBuildPhase section */

/* Begin PBXVariantGroup section */
		42AD2D761E8DFA4D00EC3A0B /* LaunchScreen.storyboard */ = {
			isa = PBXVariantGroup;
			children = (
				42AD2D771E8DFA4D00EC3A0B /* Base */,
			);
			name = LaunchScreen.storyboard;
			sourceTree = "<group>";
		};
		42AD2D8D1E8DFA9000EC3A0B /* InfoPlist.strings */ = {
			isa = PBXVariantGroup;
			children = (
				42AD2D8E1E8DFA9000EC3A0B /* en */,
			);
			name = InfoPlist.strings;
			sourceTree = "<group>";
		};
/* End PBXVariantGroup section */

/* Begin XCBuildConfiguration section */
		42AD2D7A1E8DFA4D00EC3A0B /* Debug */ = {
			isa = XCBuildConfiguration;
			buildSettings = {
				ALWAYS_SEARCH_USER_PATHS = NO;
				CLANG_ANALYZER_NONNULL = YES;
				CLANG_ANALYZER_NUMBER_OBJECT_CONVERSION = YES_AGGRESSIVE;
				CLANG_CXX_LANGUAGE_STANDARD = "gnu++0x";
				CLANG_CXX_LIBRARY = "libc++";
				CLANG_ENABLE_MODULES = YES;
				CLANG_ENABLE_OBJC_ARC = YES;
				CLANG_WARN_BOOL_CONVERSION = YES;
				CLANG_WARN_CONSTANT_CONVERSION = YES;
				CLANG_WARN_DIRECT_OBJC_ISA_USAGE = YES_ERROR;
				CLANG_WARN_DOCUMENTATION_COMMENTS = YES;
				CLANG_WARN_EMPTY_BODY = YES;
				CLANG_WARN_ENUM_CONVERSION = YES;
				CLANG_WARN_INFINITE_RECURSION = YES;
				CLANG_WARN_INT_CONVERSION = YES;
				CLANG_WARN_OBJC_ROOT_CLASS = YES_ERROR;
				CLANG_WARN_SUSPICIOUS_MOVE = YES;
				CLANG_WARN_UNREACHABLE_CODE = YES;
				CLANG_WARN__DUPLICATE_METHOD_MATCH = YES;
				"CODE_SIGN_IDENTITY[sdk=iphoneos*]" = "iPhone Developer";
				COPY_PHASE_STRIP = NO;
				DEBUG_INFORMATION_FORMAT = dwarf;
				ENABLE_STRICT_OBJC_MSGSEND = YES;
				ENABLE_TESTABILITY = YES;
				GCC_C_LANGUAGE_STANDARD = gnu99;
				GCC_DYNAMIC_NO_PIC = NO;
				GCC_NO_COMMON_BLOCKS = YES;
				GCC_OPTIMIZATION_LEVEL = 0;
				GCC_PREPROCESSOR_DEFINITIONS = (
					"DEBUG=1",
					"$(inherited)",
				);
				GCC_WARN_64_TO_32_BIT_CONVERSION = YES;
				GCC_WARN_ABOUT_RETURN_TYPE = YES_ERROR;
				GCC_WARN_UNDECLARED_SELECTOR = YES;
				GCC_WARN_UNINITIALIZED_AUTOS = YES_AGGRESSIVE;
				GCC_WARN_UNUSED_FUNCTION = YES;
				GCC_WARN_UNUSED_VARIABLE = YES;
				IPHONEOS_DEPLOYMENT_TARGET = 10.3;
				MTL_ENABLE_DEBUG_INFO = YES;
				ONLY_ACTIVE_ARCH = YES;
				SDKROOT = iphoneos;
			};
			name = Debug;
		};
		42AD2D7B1E8DFA4D00EC3A0B /* Release */ = {
			isa = XCBuildConfiguration;
			buildSettings = {
				ALWAYS_SEARCH_USER_PATHS = NO;
				CLANG_ANALYZER_NONNULL = YES;
				CLANG_ANALYZER_NUMBER_OBJECT_CONVERSION = YES_AGGRESSIVE;
				CLANG_CXX_LANGUAGE_STANDARD = "gnu++0x";
				CLANG_CXX_LIBRARY = "libc++";
				CLANG_ENABLE_MODULES = YES;
				CLANG_ENABLE_OBJC_ARC = YES;
				CLANG_WARN_BOOL_CONVERSION = YES;
				CLANG_WARN_CONSTANT_CONVERSION = YES;
				CLANG_WARN_DIRECT_OBJC_ISA_USAGE = YES_ERROR;
				CLANG_WARN_DOCUMENTATION_COMMENTS = YES;
				CLANG_WARN_EMPTY_BODY = YES;
				CLANG_WARN_ENUM_CONVERSION = YES;
				CLANG_WARN_INFINITE_RECURSION = YES;
				CLANG_WARN_INT_CONVERSION = YES;
				CLANG_WARN_OBJC_ROOT_CLASS = YES_ERROR;
				CLANG_WARN_SUSPICIOUS_MOVE = YES;
				CLANG_WARN_UNREACHABLE_CODE = YES;
				CLANG_WARN__DUPLICATE_METHOD_MATCH = YES;
				"CODE_SIGN_IDENTITY[sdk=iphoneos*]" = "iPhone Developer";
				COPY_PHASE_STRIP = NO;
				DEBUG_INFORMATION_FORMAT = "dwarf-with-dsym";
				ENABLE_NS_ASSERTIONS = NO;
				ENABLE_STRICT_OBJC_MSGSEND = YES;
				GCC_C_LANGUAGE_STANDARD = gnu99;
				GCC_NO_COMMON_BLOCKS = YES;
				GCC_WARN_64_TO_32_BIT_CONVERSION = YES;
				GCC_WARN_ABOUT_RETURN_TYPE = YES_ERROR;
				GCC_WARN_UNDECLARED_SELECTOR = YES;
				GCC_WARN_UNINITIALIZED_AUTOS = YES_AGGRESSIVE;
				GCC_WARN_UNUSED_FUNCTION = YES;
				GCC_WARN_UNUSED_VARIABLE = YES;
				IPHONEOS_DEPLOYMENT_TARGET = 10.3;
				MTL_ENABLE_DEBUG_INFO = NO;
				SDKROOT = iphoneos;
				VALIDATE_PRODUCT = YES;
			};
			name = Release;
		};
		42AD2D7D1E8DFA4D00EC3A0B /* Debug */ = {
			isa = XCBuildConfiguration;
			buildSettings = {
				ASSETCATALOG_COMPILER_APPICON_NAME = AppIcon;
				DEVELOPMENT_TEAM = 5UL2M9C7X7;
				GCC_PRECOMPILE_PREFIX_HEADER = YES;
				GCC_PREFIX_HEADER = "VideoTest/VideoTest-Prefix.pch";
				INFOPLIST_FILE = "$(SRCROOT)/VideoTest/VideoTest-Info.plist";
				LD_RUNPATH_SEARCH_PATHS = "$(inherited) @executable_path/Frameworks";
				PRODUCT_BUNDLE_IDENTIFIER = com.gezitech.VideoTest;
				PRODUCT_NAME = "$(TARGET_NAME)";
			};
			name = Debug;
		};
		42AD2D7E1E8DFA4D00EC3A0B /* Release */ = {
			isa = XCBuildConfiguration;
			buildSettings = {
				ASSETCATALOG_COMPILER_APPICON_NAME = AppIcon;
				DEVELOPMENT_TEAM = 5UL2M9C7X7;
				GCC_PRECOMPILE_PREFIX_HEADER = YES;
				GCC_PREFIX_HEADER = "VideoTest/VideoTest-Prefix.pch";
				INFOPLIST_FILE = "$(SRCROOT)/VideoTest/VideoTest-Info.plist";
				LD_RUNPATH_SEARCH_PATHS = "$(inherited) @executable_path/Frameworks";
				PRODUCT_BUNDLE_IDENTIFIER = com.gezitech.VideoTest;
				PRODUCT_NAME = "$(TARGET_NAME)";
			};
			name = Release;
		};
/* End XCBuildConfiguration section */

/* Begin XCConfigurationList section */
		42AD2D601E8DFA4D00EC3A0B /* Build configuration list for PBXProject "VideoTest" */ = {
			isa = XCConfigurationList;
			buildConfigurations = (
				42AD2D7A1E8DFA4D00EC3A0B /* Debug */,
				42AD2D7B1E8DFA4D00EC3A0B /* Release */,
			);
			defaultConfigurationIsVisible = 0;
			defaultConfigurationName = Release;
		};
		42AD2D7C1E8DFA4D00EC3A0B /* Build configuration list for PBXNativeTarget "VideoTest" */ = {
			isa = XCConfigurationList;
			buildConfigurations = (
				42AD2D7D1E8DFA4D00EC3A0B /* Debug */,
				42AD2D7E1E8DFA4D00EC3A0B /* Release */,
			);
			defaultConfigurationIsVisible = 0;
			defaultConfigurationName = Release;
		};
/* End XCConfigurationList section */
	};
	rootObject = 42AD2D5D1E8DFA4D00EC3A0B /* Project object */;
}
